Microsoft Visual Studio Solution File, Format Version 12.00
# Visual Studio 2013
VisualStudioVersion = 12.0.40629.0
MinimumVisualStudioVersion = 10.0.40219.1
Project("{FAE04EC0-301F-11D3-BF4B-00C04F79EFBC}") = "Test.IEmosoft.com", "Test.IEmosoft.com.csproj", "{A8FDE6F8-8964-42D7-AE21-1151DBEC6123}"
EndProject
Project("{FAE04EC0-301F-11D3-BF4B-00C04F79EFBC}") = "UnitTest.Test.IEmosoft.com", "..\UnitTest.Test.IEmosoft.com\UnitTest.Test.IEmosoft.com.csproj", "{0B4E5550-3D41-4D80-BBF9-D7A4ABB02607}"
EndProject
Global
	GlobalSection(SolutionConfigurationPlatforms) = preSolution
		Debug|Any CPU = Debug|Any CPU
		Release|Any CPU = Release|Any CPU
	EndGlobalSection
	GlobalSection(ProjectConfigurationPlatforms) = postSolution
		{A8FDE6F8-8964-42D7-AE21-1151DBEC6123}.Debug|Any CPU.ActiveCfg = Debug|Any CPU
		{A8FDE6F8-8964-42D7-AE21-1151DBEC6123}.Debug|Any CPU.Build.0 = Debug|Any CPU
		{A8FDE6F8-8964-42D7-AE21-1151DBEC6123}.Release|Any CPU.ActiveCfg = Release|Any CPU
		{A8FDE6F8-8964-42D7-AE21-1151DBEC6123}.Release|Any CPU.Build.0 = Release|Any CPU
		{0B4E5550-3D41-4D80-BBF9-D7A4ABB02607}.Debug|Any CPU.ActiveCfg = Debug|Any CPU
		{0B4E5550-3D41-4D80-BBF9-D7A4ABB02607}.Debug|Any CPU.Build.0 = Debug|Any CPU
		{0B4E5550-3D41-4D80-BBF9-D7A4ABB02607}.Release|Any CPU.ActiveCfg = Release|Any CPU
		{0B4E5550-3D41-4D80-BBF9-D7A4ABB02607}.Release|Any CPU.Build.0 = Release|Any CPU
	EndGlobalSection
	GlobalSection(SolutionProperties) = preSolution
		HideSolutionNode = FALSE
	EndGlobalSection
EndGlobal
